# @generated by Move, please check-in and do not edit manually.

[move]
version = 3
manifest_digest = "2E24EAA725785FF0BB5B85AA233E9320A6ABF5C2EECF20DD74DAED2EAC103EDE"
deps_digest = "F9B494B64F0615AED0E98FC12A85B85ECD2BC5185C22D30E7F67786BB52E507C"
dependencies = [
  { id = "Bridge", name = "Bridge" },
  { id = "MoveStdlib", name = "MoveStdlib" },
  { id = "Sui", name = "Sui" },
  { id = "SuiSystem", name = "SuiSystem" },
]

[[move.package]]
id = "Bridge"
source = { git = "https://github.com/MystenLabs/sui.git", rev = "209f0da8e316", subdir = "crates/sui-framework/packages/bridge" }

dependencies = [
  { id = "MoveStdlib", name = "MoveStdlib" },
  { id = "Sui", name = "Sui" },
  { id = "SuiSystem", name = "SuiSystem" },
]

[[move.package]]
id = "MoveStdlib"
source = { git = "https://github.com/MystenLabs/sui.git", rev = "209f0da8e316", subdir = "crates/sui-framework/packages/move-stdlib" }

[[move.package]]
id = "Sui"
source = { git = "https://github.com/MystenLabs/sui.git", rev = "209f0da8e316", subdir = "crates/sui-framework/packages/sui-framework" }

dependencies = [
  { id = "MoveStdlib", name = "MoveStdlib" },
]

[[move.package]]
id = "SuiSystem"
source = { git = "https://github.com/MystenLabs/sui.git", rev = "209f0da8e316", subdir = "crates/sui-framework/packages/sui-system" }

dependencies = [
  { id = "MoveStdlib", name = "MoveStdlib" },
  { id = "Sui", name = "Sui" },
]

[move.toolchain-version]
compiler-version = "1.52.2"
edition = "2024.beta"
flavor = "sui"

[env]

[env.localnet]
chain-id = "e761aece"
original-published-id = "0xda2254173f3d8cb7627411674720cbacef255c621eff1a62f54fe47e2dbe6607"
latest-published-id = "0xda2254173f3d8cb7627411674720cbacef255c621eff1a62f54fe47e2dbe6607"
published-version = "1"

[env.devnet]
chain-id = "8a9713ba"
original-published-id = "0x0718122369037f990541ccb0855b6ff140a9c06a10ce95cdc1ca849713eda32d"
latest-published-id = "0x0718122369037f990541ccb0855b6ff140a9c06a10ce95cdc1ca849713eda32d"
published-version = "1"
